
Microsoft Visual Studio Solution File, Format Version 12.00
# Visual Studio 15
VisualStudioVersion = 15.0.27703.2035
MinimumVisualStudioVersion = 10.0.40219.1
Project("{FAE04EC0-301F-11D3-BF4B-00C04F79EFBC}") = "Shields.GraphViz", "Shields.GraphViz\Shields.GraphViz.csproj", "{2ECA80BA-ECE6-47AD-91A7-0DF14FDCDE7F}"
EndProject
Project("{FAE04EC0-301F-11D3-BF4B-00C04F79EFBC}") = "Shields.GraphViz.Tests", "Shields.GraphViz.Tests\Shields.GraphViz.Tests.csproj", "{55B5BC51-FAF7-4891-AE48-E39B1D82268B}"
EndProject
Global
	GlobalSection(SolutionConfigurationPlatforms) = preSolution
		Debug|Any CPU = Debug|Any CPU
		Release|Any CPU = Release|Any CPU
	EndGlobalSection
	GlobalSection(ProjectConfigurationPlatforms) = postSolution
		{2ECA80BA-ECE6-47AD-91A7-0DF14FDCDE7F}.Debug|Any CPU.ActiveCfg = Debug|Any CPU
		{2ECA80BA-ECE6-47AD-91A7-0DF14FDCDE7F}.Debug|Any CPU.Build.0 = Debug|Any CPU
		{2ECA80BA-ECE6-47AD-91A7-0DF14FDCDE7F}.Release|Any CPU.ActiveCfg = Release|Any CPU
		{2ECA80BA-ECE6-47AD-91A7-0DF14FDCDE7F}.Release|Any CPU.Build.0 = Release|Any CPU
		{55B5BC51-FAF7-4891-AE48-E39B1D82268B}.Debug|Any CPU.ActiveCfg = Debug|Any CPU
		{55B5BC51-FAF7-4891-AE48-E39B1D82268B}.Debug|Any CPU.Build.0 = Debug|Any CPU
		{55B5BC51-FAF7-4891-AE48-E39B1D82268B}.Release|Any CPU.ActiveCfg = Release|Any CPU
		{55B5BC51-FAF7-4891-AE48-E39B1D82268B}.Release|Any CPU.Build.0 = Release|Any CPU
	EndGlobalSection
	GlobalSection(SolutionProperties) = preSolution
		HideSolutionNode = FALSE
	EndGlobalSection
	GlobalSection(ExtensibilityGlobals) = postSolution
		SolutionGuid = {1BCA2213-F952-4177-9573-C6001BC37BE8}
	EndGlobalSection
EndGlobal
